
Microsoft Visual Studio Solution File, Format Version 12.00
# Visual Studio 2012
Project("{FAE04EC0-301F-11D3-BF4B-00C04F79EFBC}") = "Tehtava1", "Tehtava1\Tehtava1.csproj", "{BBFDB3F8-2232-4C51-A154-1DFFF2E75FE7}"
EndProject
Project("{FAE04EC0-301F-11D3-BF4B-00C04F79EFBC}") = "H1MediaPlayer", "H1MediaPlayer\H1MediaPlayer.csproj", "{74469E55-5043-4233-99E5-31E9A99C4A6E}"
EndProject
Project("{FAE04EC0-301F-11D3-BF4B-00C04F79EFBC}") = "Tehtava2", "Tehtava2\Tehtava2.csproj", "{F140AE93-E3B8-4570-8800-BA4B87BD3BF5}"
EndProject
Project("{FAE04EC0-301F-11D3-BF4B-00C04F79EFBC}") = "Tehtava3c", "Tehtava3c\Tehtava3c.csproj", "{062A667D-F36F-4182-8D07-0885B860949E}"
EndProject
Project("{FAE04EC0-301F-11D3-BF4B-00C04F79EFBC}") = "Tehtava6", "Tehtava6\Tehtava6.csproj", "{C170305E-213D-4666-947C-5D4662D68C0B}"
EndProject
Global
	GlobalSection(SolutionConfigurationPlatforms) = preSolution
		Debug|Any CPU = Debug|Any CPU
		Release|Any CPU = Release|Any CPU
	EndGlobalSection
	GlobalSection(ProjectConfigurationPlatforms) = postSolution
		{BBFDB3F8-2232-4C51-A154-1DFFF2E75FE7}.Debug|Any CPU.ActiveCfg = Debug|Any CPU
		{BBFDB3F8-2232-4C51-A154-1DFFF2E75FE7}.Debug|Any CPU.Build.0 = Debug|Any CPU
		{BBFDB3F8-2232-4C51-A154-1DFFF2E75FE7}.Release|Any CPU.ActiveCfg = Release|Any CPU
		{BBFDB3F8-2232-4C51-A154-1DFFF2E75FE7}.Release|Any CPU.Build.0 = Release|Any CPU
		{74469E55-5043-4233-99E5-31E9A99C4A6E}.Debug|Any CPU.ActiveCfg = Debug|Any CPU
		{74469E55-5043-4233-99E5-31E9A99C4A6E}.Debug|Any CPU.Build.0 = Debug|Any CPU
		{74469E55-5043-4233-99E5-31E9A99C4A6E}.Release|Any CPU.ActiveCfg = Release|Any CPU
		{74469E55-5043-4233-99E5-31E9A99C4A6E}.Release|Any CPU.Build.0 = Release|Any CPU
		{F140AE93-E3B8-4570-8800-BA4B87BD3BF5}.Debug|Any CPU.ActiveCfg = Debug|Any CPU
		{F140AE93-E3B8-4570-8800-BA4B87BD3BF5}.Debug|Any CPU.Build.0 = Debug|Any CPU
		{F140AE93-E3B8-4570-8800-BA4B87BD3BF5}.Release|Any CPU.ActiveCfg = Release|Any CPU
		{F140AE93-E3B8-4570-8800-BA4B87BD3BF5}.Release|Any CPU.Build.0 = Release|Any CPU
		{062A667D-F36F-4182-8D07-0885B860949E}.Debug|Any CPU.ActiveCfg = Debug|Any CPU
		{062A667D-F36F-4182-8D07-0885B860949E}.Debug|Any CPU.Build.0 = Debug|Any CPU
		{062A667D-F36F-4182-8D07-0885B860949E}.Release|Any CPU.ActiveCfg = Release|Any CPU
		{062A667D-F36F-4182-8D07-0885B860949E}.Release|Any CPU.Build.0 = Release|Any CPU
		{C170305E-213D-4666-947C-5D4662D68C0B}.Debug|Any CPU.ActiveCfg = Debug|Any CPU
		{C170305E-213D-4666-947C-5D4662D68C0B}.Debug|Any CPU.Build.0 = Debug|Any CPU
		{C170305E-213D-4666-947C-5D4662D68C0B}.Release|Any CPU.ActiveCfg = Release|Any CPU
		{C170305E-213D-4666-947C-5D4662D68C0B}.Release|Any CPU.Build.0 = Release|Any CPU
	EndGlobalSection
	GlobalSection(SolutionProperties) = preSolution
		HideSolutionNode = FALSE
	EndGlobalSection
EndGlobal
